
Microsoft Visual Studio Solution File, Format Version 12.00
# Visual Studio Version 17
VisualStudioVersion = 17.14.36301.6 d17.14
MinimumVisualStudioVersion = 10.0.40219.1
Project("{FAE04EC0-301F-11D3-BF4B-00C04F79EFBC}") = "ParkingManagement.Api", "ParkingManagement.Api\ParkingManagement.Api.csproj", "{88BD24B6-CB04-42C4-87DF-79E82D6EAE7D}"
EndProject
Project("{FAE04EC0-301F-11D3-BF4B-00C04F79EFBC}") = "ParkingManagement.Domain", "ParkingManagement.Domain\ParkingManagement.Domain.csproj", "{F3C08A58-A9A9-4340-8D08-3460E4ECAFB5}"
EndProject
Project("{FAE04EC0-301F-11D3-BF4B-00C04F79EFBC}") = "ParkingManagement.Application", "ParkingManagement.Application\ParkingManagement.Application.csproj", "{7C81CF53-CDE3-49E6-9B5C-30FCE7DE95A5}"
EndProject
Project("{FAE04EC0-301F-11D3-BF4B-00C04F79EFBC}") = "ParkingManagement.Infrastructure", "ParkingManagement.Infrastructure\ParkingManagement.Infrastructure.csproj", "{F5571CFD-8F5D-4A45-A3F9-AFF4D9378F0F}"
EndProject
Project("{FAE04EC0-301F-11D3-BF4B-00C04F79EFBC}") = "ParkingManagement.Tests", "ParkingManagement.Tests\ParkingManagement.Tests.csproj", "{FA3B62A2-C143-4165-B433-F30993C05E93}"
EndProject
Global
	GlobalSection(SolutionConfigurationPlatforms) = preSolution
		Debug|Any CPU = Debug|Any CPU
		Release|Any CPU = Release|Any CPU
	EndGlobalSection
	GlobalSection(ProjectConfigurationPlatforms) = postSolution
		{88BD24B6-CB04-42C4-87DF-79E82D6EAE7D}.Debug|Any CPU.ActiveCfg = Debug|Any CPU
		{88BD24B6-CB04-42C4-87DF-79E82D6EAE7D}.Debug|Any CPU.Build.0 = Debug|Any CPU
		{88BD24B6-CB04-42C4-87DF-79E82D6EAE7D}.Release|Any CPU.ActiveCfg = Release|Any CPU
		{88BD24B6-CB04-42C4-87DF-79E82D6EAE7D}.Release|Any CPU.Build.0 = Release|Any CPU
		{F3C08A58-A9A9-4340-8D08-3460E4ECAFB5}.Debug|Any CPU.ActiveCfg = Debug|Any CPU
		{F3C08A58-A9A9-4340-8D08-3460E4ECAFB5}.Debug|Any CPU.Build.0 = Debug|Any CPU
		{F3C08A58-A9A9-4340-8D08-3460E4ECAFB5}.Release|Any CPU.ActiveCfg = Release|Any CPU
		{F3C08A58-A9A9-4340-8D08-3460E4ECAFB5}.Release|Any CPU.Build.0 = Release|Any CPU
		{7C81CF53-CDE3-49E6-9B5C-30FCE7DE95A5}.Debug|Any CPU.ActiveCfg = Debug|Any CPU
		{7C81CF53-CDE3-49E6-9B5C-30FCE7DE95A5}.Debug|Any CPU.Build.0 = Debug|Any CPU
		{7C81CF53-CDE3-49E6-9B5C-30FCE7DE95A5}.Release|Any CPU.ActiveCfg = Release|Any CPU
		{7C81CF53-CDE3-49E6-9B5C-30FCE7DE95A5}.Release|Any CPU.Build.0 = Release|Any CPU
		{F5571CFD-8F5D-4A45-A3F9-AFF4D9378F0F}.Debug|Any CPU.ActiveCfg = Debug|Any CPU
		{F5571CFD-8F5D-4A45-A3F9-AFF4D9378F0F}.Debug|Any CPU.Build.0 = Debug|Any CPU
		{F5571CFD-8F5D-4A45-A3F9-AFF4D9378F0F}.Release|Any CPU.ActiveCfg = Release|Any CPU
		{F5571CFD-8F5D-4A45-A3F9-AFF4D9378F0F}.Release|Any CPU.Build.0 = Release|Any CPU
		{FA3B62A2-C143-4165-B433-F30993C05E93}.Debug|Any CPU.ActiveCfg = Debug|Any CPU
		{FA3B62A2-C143-4165-B433-F30993C05E93}.Debug|Any CPU.Build.0 = Debug|Any CPU
		{FA3B62A2-C143-4165-B433-F30993C05E93}.Release|Any CPU.ActiveCfg = Release|Any CPU
		{FA3B62A2-C143-4165-B433-F30993C05E93}.Release|Any CPU.Build.0 = Release|Any CPU
	EndGlobalSection
	GlobalSection(SolutionProperties) = preSolution
		HideSolutionNode = FALSE
	EndGlobalSection
	GlobalSection(ExtensibilityGlobals) = postSolution
		SolutionGuid = {47FC02DE-B2C3-40F5-A8B2-76FF87FE8117}
	EndGlobalSection
EndGlobal
